# This file is autogenerated, do not edit; changes may be undone by the next 'dep ensure'.


[[projects]]
  branch = "dev"
  name = "github.com/galaco/bsp"
  packages = [
    ".",
    "flags",
    "lumps",
    "primitives/area",
    "primitives/areaportal",
    "primitives/brush",
    "primitives/brushside",
    "primitives/common",
    "primitives/cubemap",
    "primitives/dispinfo",
    "primitives/disptris",
    "primitives/dispvert",
    "primitives/face",
    "primitives/faceid",
    "primitives/facemacrotextureinfo",
    "primitives/game",
    "primitives/leaf",
    "primitives/leafambientindex",
    "primitives/leafambientlighting",
    "primitives/leafwaterdata",
    "primitives/mapflags",
    "primitives/model",
    "primitives/node",
    "primitives/occlusion",
    "primitives/overlay",
    "primitives/overlayfade",
    "primitives/physcollide",
    "primitives/plane",
    "primitives/portal",
    "primitives/primitive",
    "primitives/primvert",
    "primitives/texdata",
    "primitives/texinfo",
    "primitives/vertnormal",
    "primitives/visibility",
    "primitives/worldlight",
    "versions"
  ]
  revision = "e2c9a231921b24ae7cfad79c638a518e9dfbb70b"

[[projects]]
  branch = "master"
  name = "github.com/galaco/source-tools-common"
  packages = [
    "constants",
    "texdatastringtable"
  ]
  revision = "5eaaf8c0b82d348cf8b18dea67a21eabcb9f66bc"

[[projects]]
  branch = "master"
  name = "github.com/galaco/vmf"
  packages = ["."]
  revision = "7a9ccb6e8abb1d03bb0c9a1938356b0557dd644f"

[[projects]]
  branch = "master"
  name = "github.com/go-gl/mathgl"
  packages = ["mgl32"]
  revision = "5ab0e04e1f55a10f3a71b1fccc60ca2ee9a0bc02"

[[projects]]
  branch = "master"
  name = "github.com/mengzhuo/intrinsic"
  packages = ["sse2"]
  revision = "34b800838e0bcd9c5b6abd414e3ad03dc1a686b8"

[[projects]]
  branch = "master"
  name = "golang.org/x/image"
  packages = ["math/f32"]
  revision = "f315e440302883054d0c2bd85486878cb4f8572c"

[solve-meta]
  analyzer-name = "dep"
  analyzer-version = 1
  inputs-digest = "ae48e9dbecaf7cacaae64ee39a33caddfd66be77efbfac51f1d5cc6c49c70810"
  solver-name = "gps-cdcl"
  solver-version = 1
